// !$*UTF8*$!
{
	archiveVersion = 1;
	classes = {
	};
	objectVersion = 55;
	objects = {

/* Begin PBXBuildFile section */
		310E728128DDA2B40077F6C5 /* CounterView.swift in Sources */ = {isa = PBXBuildFile; fileRef = 310E728028DDA2B40077F6C5 /* CounterView.swift */; };
		31632B5928E1968500015B3B /* Store.swift in Sources */ = {isa = PBXBuildFile; fileRef = 31632B5828E1968500015B3B /* Store.swift */; };
		31632B5C28E1A0C600015B3B /* CounterAction.swift in Sources */ = {isa = PBXBuildFile; fileRef = 31632B5B28E1A0C600015B3B /* CounterAction.swift */; };
		31632B5F28E1B2CA00015B3B /* CounterReducer.swift in Sources */ = {isa = PBXBuildFile; fileRef = 31632B5E28E1B2CA00015B3B /* CounterReducer.swift */; };
		3166EB0D28DD94BE00C07F34 /*  Counter DemoApp.swift in Sources */ = {isa = PBXBuildFile; fileRef = 3166EB0C28DD94BE00C07F34 /*  Counter DemoApp.swift */; };
		3166EB0F28DD94BE00C07F34 /* RootView.swift in Sources */ = {isa = PBXBuildFile; fileRef = 3166EB0E28DD94BE00C07F34 /* RootView.swift */; };
		3166EB1128DD94C100C07F34 /* Assets.xcassets in Resources */ = {isa = PBXBuildFile; fileRef = 3166EB1028DD94C100C07F34 /* Assets.xcassets */; };
		3166EB1428DD94C100C07F34 /* Preview Assets.xcassets in Resources */ = {isa = PBXBuildFile; fileRef = 3166EB1328DD94C100C07F34 /* Preview Assets.xcassets */; };
		3177FD6628DDAF11002E1103 /* AppState.swift in Sources */ = {isa = PBXBuildFile; fileRef = 3177FD6528DDAF11002E1103 /* AppState.swift */; };
		3177FD6828DDB733002E1103 /* PrimeSheetView.swift in Sources */ = {isa = PBXBuildFile; fileRef = 3177FD6728DDB733002E1103 /* PrimeSheetView.swift */; };
		3177FD6C28DDEABE002E1103 /* FavoriteView.swift in Sources */ = {isa = PBXBuildFile; fileRef = 3177FD6B28DDEABE002E1103 /* FavoriteView.swift */; };
		3177FD6F28DDEEAB002E1103 /* WolframAlphaModel.swift in Sources */ = {isa = PBXBuildFile; fileRef = 3177FD6E28DDEEAB002E1103 /* WolframAlphaModel.swift */; };
		F1EE77D028E0A77E00362218 /* User.swift in Sources */ = {isa = PBXBuildFile; fileRef = F1EE77CF28E0A77D00362218 /* User.swift */; };
		F1EE77D228E0A7C300362218 /* Activity.swift in Sources */ = {isa = PBXBuildFile; fileRef = F1EE77D128E0A7C300362218 /* Activity.swift */; };
		F1EE77D428E0E56400362218 /* FavoritePrimeState.swift in Sources */ = {isa = PBXBuildFile; fileRef = F1EE77D328E0E56400362218 /* FavoritePrimeState.swift */; };
/* End PBXBuildFile section */

/* Begin PBXFileReference section */
		310E728028DDA2B40077F6C5 /* CounterView.swift */ = {isa = PBXFileReference; lastKnownFileType = sourcecode.swift; path = CounterView.swift; sourceTree = "<group>"; };
		31632B5828E1968500015B3B /* Store.swift */ = {isa = PBXFileReference; lastKnownFileType = sourcecode.swift; path = Store.swift; sourceTree = "<group>"; };
		31632B5B28E1A0C600015B3B /* CounterAction.swift */ = {isa = PBXFileReference; lastKnownFileType = sourcecode.swift; path = CounterAction.swift; sourceTree = "<group>"; };
		31632B5E28E1B2CA00015B3B /* CounterReducer.swift */ = {isa = PBXFileReference; lastKnownFileType = sourcecode.swift; path = CounterReducer.swift; sourceTree = "<group>"; };
		3166EB0928DD94BE00C07F34 /* Counter Demo.app */ = {isa = PBXFileReference; explicitFileType = wrapper.application; includeInIndex = 0; path = "Counter Demo.app"; sourceTree = BUILT_PRODUCTS_DIR; };
		3166EB0C28DD94BE00C07F34 /*  Counter DemoApp.swift */ = {isa = PBXFileReference; lastKnownFileType = sourcecode.swift; path = " Counter DemoApp.swift"; sourceTree = "<group>"; };
		3166EB0E28DD94BE00C07F34 /* RootView.swift */ = {isa = PBXFileReference; lastKnownFileType = sourcecode.swift; path = RootView.swift; sourceTree = "<group>"; };
		3166EB1028DD94C100C07F34 /* Assets.xcassets */ = {isa = PBXFileReference; lastKnownFileType = folder.assetcatalog; path = Assets.xcassets; sourceTree = "<group>"; };
		3166EB1328DD94C100C07F34 /* Preview Assets.xcassets */ = {isa = PBXFileReference; lastKnownFileType = folder.assetcatalog; path = "Preview Assets.xcassets"; sourceTree = "<group>"; };
		3177FD6528DDAF11002E1103 /* AppState.swift */ = {isa = PBXFileReference; lastKnownFileType = sourcecode.swift; path = AppState.swift; sourceTree = "<group>"; };
		3177FD6728DDB733002E1103 /* PrimeSheetView.swift */ = {isa = PBXFileReference; lastKnownFileType = sourcecode.swift; path = PrimeSheetView.swift; sourceTree = "<group>"; };
		3177FD6B28DDEABE002E1103 /* FavoriteView.swift */ = {isa = PBXFileReference; lastKnownFileType = sourcecode.swift; path = FavoriteView.swift; sourceTree = "<group>"; };
		3177FD6E28DDEEAB002E1103 /* WolframAlphaModel.swift */ = {isa = PBXFileReference; lastKnownFileType = sourcecode.swift; path = WolframAlphaModel.swift; sourceTree = "<group>"; };
		F1EE77CF28E0A77D00362218 /* User.swift */ = {isa = PBXFileReference; lastKnownFileType = sourcecode.swift; path = User.swift; sourceTree = "<group>"; };
		F1EE77D128E0A7C300362218 /* Activity.swift */ = {isa = PBXFileReference; lastKnownFileType = sourcecode.swift; path = Activity.swift; sourceTree = "<group>"; };
		F1EE77D328E0E56400362218 /* FavoritePrimeState.swift */ = {isa = PBXFileReference; lastKnownFileType = sourcecode.swift; path = FavoritePrimeState.swift; sourceTree = "<group>"; };
/* End PBXFileReference section */

/* Begin PBXFrameworksBuildPhase section */
		3166EB0628DD94BE00C07F34 /* Frameworks */ = {
			isa = PBXFrameworksBuildPhase;
			buildActionMask = 2147483647;
			files = (
			);
			runOnlyForDeploymentPostprocessing = 0;
		};
/* End PBXFrameworksBuildPhase section */

/* Begin PBXGroup section */
		310E727D28DDA2830077F6C5 /* Root */ = {
			isa = PBXGroup;
			children = (
				3166EB1D28DD9B2A00C07F34 /* View */,
			);
			path = Root;
			sourceTree = "<group>";
		};
		310E727E28DDA2900077F6C5 /* CounterView */ = {
			isa = PBXGroup;
			children = (
				310E727F28DDA2A10077F6C5 /* View */,
			);
			path = CounterView;
			sourceTree = "<group>";
		};
		310E727F28DDA2A10077F6C5 /* View */ = {
			isa = PBXGroup;
			children = (
				310E728028DDA2B40077F6C5 /* CounterView.swift */,
				3177FD6728DDB733002E1103 /* PrimeSheetView.swift */,
			);
			path = View;
			sourceTree = "<group>";
		};
		31632B5728E1967300015B3B /* Store */ = {
			isa = PBXGroup;
			children = (
				31632B5828E1968500015B3B /* Store.swift */,
			);
			path = Store;
			sourceTree = "<group>";
		};
		31632B5A28E1A0B100015B3B /* Action */ = {
			isa = PBXGroup;
			children = (
				31632B5B28E1A0C600015B3B /* CounterAction.swift */,
			);
			path = Action;
			sourceTree = "<group>";
		};
		31632B5D28E1B2A400015B3B /* Reducer */ = {
			isa = PBXGroup;
			children = (
				31632B5E28E1B2CA00015B3B /* CounterReducer.swift */,
			);
			path = Reducer;
			sourceTree = "<group>";
		};
		3166EB0028DD94BE00C07F34 = {
			isa = PBXGroup;
			children = (
				3166EB0B28DD94BE00C07F34 /* Counter Demo */,
				3166EB0A28DD94BE00C07F34 /* Products */,
			);
			sourceTree = "<group>";
		};
		3166EB0A28DD94BE00C07F34 /* Products */ = {
			isa = PBXGroup;
			children = (
				3166EB0928DD94BE00C07F34 /* Counter Demo.app */,
			);
			name = Products;
			sourceTree = "<group>";
		};
		3166EB0B28DD94BE00C07F34 /* Counter Demo */ = {
			isa = PBXGroup;
			children = (
				3166EB0C28DD94BE00C07F34 /*  Counter DemoApp.swift */,
				3166EB1A28DD9ADD00C07F34 /* Common */,
				3177FD6D28DDEE8B002E1103 /* Model */,
				3177FD6428DDAEDB002E1103 /* State */,
				31632B5728E1967300015B3B /* Store */,
				31632B5A28E1A0B100015B3B /* Action */,
				31632B5D28E1B2A400015B3B /* Reducer */,
				3166EB1C28DD9AF200C07F34 /* Screens */,
				3166EB1028DD94C100C07F34 /* Assets.xcassets */,
				3166EB1228DD94C100C07F34 /* Preview Content */,
			);
			path = "Counter Demo";
			sourceTree = "<group>";
		};
		3166EB1228DD94C100C07F34 /* Preview Content */ = {
			isa = PBXGroup;
			children = (
				3166EB1328DD94C100C07F34 /* Preview Assets.xcassets */,
			);
			path = "Preview Content";
			sourceTree = "<group>";
		};
		3166EB1A28DD9ADD00C07F34 /* Common */ = {
			isa = PBXGroup;
			children = (
			);
			path = Common;
			sourceTree = "<group>";
		};
		3166EB1C28DD9AF200C07F34 /* Screens */ = {
			isa = PBXGroup;
			children = (
				310E727D28DDA2830077F6C5 /* Root */,
				310E727E28DDA2900077F6C5 /* CounterView */,
				3177FD6928DDEA8B002E1103 /* FavoriteView */,
			);
			path = Screens;
			sourceTree = "<group>";
		};
		3166EB1D28DD9B2A00C07F34 /* View */ = {
			isa = PBXGroup;
			children = (
				3166EB0E28DD94BE00C07F34 /* RootView.swift */,
			);
			path = View;
			sourceTree = "<group>";
		};
		3177FD6428DDAEDB002E1103 /* State */ = {
			isa = PBXGroup;
			children = (
				3177FD6528DDAF11002E1103 /* AppState.swift */,
				F1EE77D328E0E56400362218 /* FavoritePrimeState.swift */,
			);
			path = State;
			sourceTree = "<group>";
		};
		3177FD6928DDEA8B002E1103 /* FavoriteView */ = {
			isa = PBXGroup;
			children = (
				3177FD6A28DDEAA4002E1103 /* View */,
			);
			path = FavoriteView;
			sourceTree = "<group>";
		};
		3177FD6A28DDEAA4002E1103 /* View */ = {
			isa = PBXGroup;
			children = (
				3177FD6B28DDEABE002E1103 /* FavoriteView.swift */,
			);
			path = View;
			sourceTree = "<group>";
		};
		3177FD6D28DDEE8B002E1103 /* Model */ = {
			isa = PBXGroup;
			children = (
				3177FD6E28DDEEAB002E1103 /* WolframAlphaModel.swift */,
				F1EE77CF28E0A77D00362218 /* User.swift */,
				F1EE77D128E0A7C300362218 /* Activity.swift */,
			);
			path = Model;
			sourceTree = "<group>";
		};
/* End PBXGroup section */

/* Begin PBXNativeTarget section */
		3166EB0828DD94BE00C07F34 /* Counter Demo */ = {
			isa = PBXNativeTarget;
			buildConfigurationList = 3166EB1728DD94C100C07F34 /* Build configuration list for PBXNativeTarget "Counter Demo" */;
			buildPhases = (
				3166EB0528DD94BE00C07F34 /* Sources */,
				3166EB0628DD94BE00C07F34 /* Frameworks */,
				3166EB0728DD94BE00C07F34 /* Resources */,
			);
			buildRules = (
			);
			dependencies = (
			);
			name = "Counter Demo";
			productName = "SwiftUI+ComposableArchitecture";
			productReference = 3166EB0928DD94BE00C07F34 /* Counter Demo.app */;
			productType = "com.apple.product-type.application";
		};
/* End PBXNativeTarget section */

/* Begin PBXProject section */
		3166EB0128DD94BE00C07F34 /* Project object */ = {
			isa = PBXProject;
			attributes = {
				BuildIndependentTargetsInParallel = 1;
				LastSwiftUpdateCheck = 1340;
				LastUpgradeCheck = 1340;
				TargetAttributes = {
					3166EB0828DD94BE00C07F34 = {
						CreatedOnToolsVersion = 13.4.1;
					};
				};
			};
			buildConfigurationList = 3166EB0428DD94BE00C07F34 /* Build configuration list for PBXProject "Counter Demo" */;
			compatibilityVersion = "Xcode 13.0";
			developmentRegion = en;
			hasScannedForEncodings = 0;
			knownRegions = (
				en,
				Base,
			);
			mainGroup = 3166EB0028DD94BE00C07F34;
			productRefGroup = 3166EB0A28DD94BE00C07F34 /* Products */;
			projectDirPath = "";
			projectRoot = "";
			targets = (
				3166EB0828DD94BE00C07F34 /* Counter Demo */,
			);
		};
/* End PBXProject section */

/* Begin PBXResourcesBuildPhase section */
		3166EB0728DD94BE00C07F34 /* Resources */ = {
			isa = PBXResourcesBuildPhase;
			buildActionMask = 2147483647;
			files = (
				3166EB1428DD94C100C07F34 /* Preview Assets.xcassets in Resources */,
				3166EB1128DD94C100C07F34 /* Assets.xcassets in Resources */,
			);
			runOnlyForDeploymentPostprocessing = 0;
		};
/* End PBXResourcesBuildPhase section */

/* Begin PBXSourcesBuildPhase section */
		3166EB0528DD94BE00C07F34 /* Sources */ = {
			isa = PBXSourcesBuildPhase;
			buildActionMask = 2147483647;
			files = (
				31632B5C28E1A0C600015B3B /* CounterAction.swift in Sources */,
				3166EB0F28DD94BE00C07F34 /* RootView.swift in Sources */,
				F1EE77D428E0E56400362218 /* FavoritePrimeState.swift in Sources */,
				3177FD6F28DDEEAB002E1103 /* WolframAlphaModel.swift in Sources */,
				3177FD6828DDB733002E1103 /* PrimeSheetView.swift in Sources */,
				3166EB0D28DD94BE00C07F34 /*  Counter DemoApp.swift in Sources */,
				31632B5F28E1B2CA00015B3B /* CounterReducer.swift in Sources */,
				F1EE77D028E0A77E00362218 /* User.swift in Sources */,
				31632B5928E1968500015B3B /* Store.swift in Sources */,
				310E728128DDA2B40077F6C5 /* CounterView.swift in Sources */,
				F1EE77D228E0A7C300362218 /* Activity.swift in Sources */,
				3177FD6C28DDEABE002E1103 /* FavoriteView.swift in Sources */,
				3177FD6628DDAF11002E1103 /* AppState.swift in Sources */,
			);
			runOnlyForDeploymentPostprocessing = 0;
		};
/* End PBXSourcesBuildPhase section */

/* Begin XCBuildConfiguration section */
		3166EB1528DD94C100C07F34 /* Debug */ = {
			isa = XCBuildConfiguration;
			buildSettings = {
				ALWAYS_SEARCH_USER_PATHS = NO;
				CLANG_ANALYZER_NONNULL = YES;
				CLANG_ANALYZER_NUMBER_OBJECT_CONVERSION = YES_AGGRESSIVE;
				CLANG_CXX_LANGUAGE_STANDARD = "gnu++17";
				CLANG_ENABLE_MODULES = YES;
				CLANG_ENABLE_OBJC_ARC = YES;
				CLANG_ENABLE_OBJC_WEAK = YES;
				CLANG_WARN_BLOCK_CAPTURE_AUTORELEASING = YES;
				CLANG_WARN_BOOL_CONVERSION = YES;
				CLANG_WARN_COMMA = YES;
				CLANG_WARN_CONSTANT_CONVERSION = YES;
				CLANG_WARN_DEPRECATED_OBJC_IMPLEMENTATIONS = YES;
				CLANG_WARN_DIRECT_OBJC_ISA_USAGE = YES_ERROR;
				CLANG_WARN_DOCUMENTATION_COMMENTS = YES;
				CLANG_WARN_EMPTY_BODY = YES;
				CLANG_WARN_ENUM_CONVERSION = YES;
				CLANG_WARN_INFINITE_RECURSION = YES;
				CLANG_WARN_INT_CONVERSION = YES;
				CLANG_WARN_NON_LITERAL_NULL_CONVERSION = YES;
				CLANG_WARN_OBJC_IMPLICIT_RETAIN_SELF = YES;
				CLANG_WARN_OBJC_LITERAL_CONVERSION = YES;
				CLANG_WARN_OBJC_ROOT_CLASS = YES_ERROR;
				CLANG_WARN_QUOTED_INCLUDE_IN_FRAMEWORK_HEADER = YES;
				CLANG_WARN_RANGE_LOOP_ANALYSIS = YES;
				CLANG_WARN_STRICT_PROTOTYPES = YES;
				CLANG_WARN_SUSPICIOUS_MOVE = YES;
				CLANG_WARN_UNGUARDED_AVAILABILITY = YES_AGGRESSIVE;
				CLANG_WARN_UNREACHABLE_CODE = YES;
				CLANG_WARN__DUPLICATE_METHOD_MATCH = YES;
				COPY_PHASE_STRIP = NO;
				DEBUG_INFORMATION_FORMAT = dwarf;
				ENABLE_STRICT_OBJC_MSGSEND = YES;
				ENABLE_TESTABILITY = YES;
				GCC_C_LANGUAGE_STANDARD = gnu11;
				GCC_DYNAMIC_NO_PIC = NO;
				GCC_NO_COMMON_BLOCKS = YES;
				GCC_OPTIMIZATION_LEVEL = 0;
				GCC_PREPROCESSOR_DEFINITIONS = (
					"DEBUG=1",
					"$(inherited)",
				);
				GCC_WARN_64_TO_32_BIT_CONVERSION = YES;
				GCC_WARN_ABOUT_RETURN_TYPE = YES_ERROR;
				GCC_WARN_UNDECLARED_SELECTOR = YES;
				GCC_WARN_UNINITIALIZED_AUTOS = YES_AGGRESSIVE;
				GCC_WARN_UNUSED_FUNCTION = YES;
				GCC_WARN_UNUSED_VARIABLE = YES;
				IPHONEOS_DEPLOYMENT_TARGET = 15.5;
				MTL_ENABLE_DEBUG_INFO = INCLUDE_SOURCE;
				MTL_FAST_MATH = YES;
				ONLY_ACTIVE_ARCH = YES;
				SDKROOT = iphoneos;
				SWIFT_ACTIVE_COMPILATION_CONDITIONS = DEBUG;
				SWIFT_OPTIMIZATION_LEVEL = "-Onone";
			};
			name = Debug;
		};
		3166EB1628DD94C100C07F34 /* Release */ = {
			isa = XCBuildConfiguration;
			buildSettings = {
				ALWAYS_SEARCH_USER_PATHS = NO;
				CLANG_ANALYZER_NONNULL = YES;
				CLANG_ANALYZER_NUMBER_OBJECT_CONVERSION = YES_AGGRESSIVE;
				CLANG_CXX_LANGUAGE_STANDARD = "gnu++17";
				CLANG_ENABLE_MODULES = YES;
				CLANG_ENABLE_OBJC_ARC = YES;
				CLANG_ENABLE_OBJC_WEAK = YES;
				CLANG_WARN_BLOCK_CAPTURE_AUTORELEASING = YES;
				CLANG_WARN_BOOL_CONVERSION = YES;
				CLANG_WARN_COMMA = YES;
				CLANG_WARN_CONSTANT_CONVERSION = YES;
				CLANG_WARN_DEPRECATED_OBJC_IMPLEMENTATIONS = YES;
				CLANG_WARN_DIRECT_OBJC_ISA_USAGE = YES_ERROR;
				CLANG_WARN_DOCUMENTATION_COMMENTS = YES;
				CLANG_WARN_EMPTY_BODY = YES;
				CLANG_WARN_ENUM_CONVERSION = YES;
				CLANG_WARN_INFINITE_RECURSION = YES;
				CLANG_WARN_INT_CONVERSION = YES;
				CLANG_WARN_NON_LITERAL_NULL_CONVERSION = YES;
				CLANG_WARN_OBJC_IMPLICIT_RETAIN_SELF = YES;
				CLANG_WARN_OBJC_LITERAL_CONVERSION = YES;
				CLANG_WARN_OBJC_ROOT_CLASS = YES_ERROR;
				CLANG_WARN_QUOTED_INCLUDE_IN_FRAMEWORK_HEADER = YES;
				CLANG_WARN_RANGE_LOOP_ANALYSIS = YES;
				CLANG_WARN_STRICT_PROTOTYPES = YES;
				CLANG_WARN_SUSPICIOUS_MOVE = YES;
				CLANG_WARN_UNGUARDED_AVAILABILITY = YES_AGGRESSIVE;
				CLANG_WARN_UNREACHABLE_CODE = YES;
				CLANG_WARN__DUPLICATE_METHOD_MATCH = YES;
				COPY_PHASE_STRIP = NO;
				DEBUG_INFORMATION_FORMAT = "dwarf-with-dsym";
				ENABLE_NS_ASSERTIONS = NO;
				ENABLE_STRICT_OBJC_MSGSEND = YES;
				GCC_C_LANGUAGE_STANDARD = gnu11;
				GCC_NO_COMMON_BLOCKS = YES;
				GCC_WARN_64_TO_32_BIT_CONVERSION = YES;
				GCC_WARN_ABOUT_RETURN_TYPE = YES_ERROR;
				GCC_WARN_UNDECLARED_SELECTOR = YES;
				GCC_WARN_UNINITIALIZED_AUTOS = YES_AGGRESSIVE;
				GCC_WARN_UNUSED_FUNCTION = YES;
				GCC_WARN_UNUSED_VARIABLE = YES;
				IPHONEOS_DEPLOYMENT_TARGET = 15.5;
				MTL_ENABLE_DEBUG_INFO = NO;
				MTL_FAST_MATH = YES;
				SDKROOT = iphoneos;
				SWIFT_COMPILATION_MODE = wholemodule;
				SWIFT_OPTIMIZATION_LEVEL = "-O";
				VALIDATE_PRODUCT = YES;
			};
			name = Release;
		};
		3166EB1828DD94C100C07F34 /* Debug */ = {
			isa = XCBuildConfiguration;
			buildSettings = {
				ASSETCATALOG_COMPILER_APPICON_NAME = AppIcon;
				ASSETCATALOG_COMPILER_GLOBAL_ACCENT_COLOR_NAME = AccentColor;
				CODE_SIGN_STYLE = Automatic;
				CURRENT_PROJECT_VERSION = 1;
				DEVELOPMENT_ASSET_PATHS = "\"Counter Demo/Preview Content\"";
				ENABLE_PREVIEWS = YES;
				GENERATE_INFOPLIST_FILE = YES;
				INFOPLIST_KEY_UIApplicationSceneManifest_Generation = YES;
				INFOPLIST_KEY_UIApplicationSupportsIndirectInputEvents = YES;
				INFOPLIST_KEY_UILaunchScreen_Generation = YES;
				INFOPLIST_KEY_UISupportedInterfaceOrientations_iPad = "UIInterfaceOrientationPortrait UIInterfaceOrientationPortraitUpsideDown UIInterfaceOrientationLandscapeLeft UIInterfaceOrientationLandscapeRight";
				INFOPLIST_KEY_UISupportedInterfaceOrientations_iPhone = "UIInterfaceOrientationPortrait UIInterfaceOrientationLandscapeLeft UIInterfaceOrientationLandscapeRight";
				LD_RUNPATH_SEARCH_PATHS = (
					"$(inherited)",
					"@executable_path/Frameworks",
				);
				MARKETING_VERSION = 1.0;
				PRODUCT_BUNDLE_IDENTIFIER = "com.Sameliuk.Yurii..SwiftUI-ComposableArchitecture";
				PRODUCT_NAME = "Counter Demo";
				SWIFT_EMIT_LOC_STRINGS = YES;
				SWIFT_VERSION = 5.0;
				TARGETED_DEVICE_FAMILY = "1,2";
			};
			name = Debug;
		};
		3166EB1928DD94C100C07F34 /* Release */ = {
			isa = XCBuildConfiguration;
			buildSettings = {
				ASSETCATALOG_COMPILER_APPICON_NAME = AppIcon;
				ASSETCATALOG_COMPILER_GLOBAL_ACCENT_COLOR_NAME = AccentColor;
				CODE_SIGN_STYLE = Automatic;
				CURRENT_PROJECT_VERSION = 1;
				DEVELOPMENT_ASSET_PATHS = "\"Counter Demo/Preview Content\"";
				ENABLE_PREVIEWS = YES;
				GENERATE_INFOPLIST_FILE = YES;
				INFOPLIST_KEY_UIApplicationSceneManifest_Generation = YES;
				INFOPLIST_KEY_UIApplicationSupportsIndirectInputEvents = YES;
				INFOPLIST_KEY_UILaunchScreen_Generation = YES;
				INFOPLIST_KEY_UISupportedInterfaceOrientations_iPad = "UIInterfaceOrientationPortrait UIInterfaceOrientationPortraitUpsideDown UIInterfaceOrientationLandscapeLeft UIInterfaceOrientationLandscapeRight";
				INFOPLIST_KEY_UISupportedInterfaceOrientations_iPhone = "UIInterfaceOrientationPortrait UIInterfaceOrientationLandscapeLeft UIInterfaceOrientationLandscapeRight";
				LD_RUNPATH_SEARCH_PATHS = (
					"$(inherited)",
					"@executable_path/Frameworks",
				);
				MARKETING_VERSION = 1.0;
				PRODUCT_BUNDLE_IDENTIFIER = "com.Sameliuk.Yurii..SwiftUI-ComposableArchitecture";
				PRODUCT_NAME = "Counter Demo";
				SWIFT_EMIT_LOC_STRINGS = YES;
				SWIFT_VERSION = 5.0;
				TARGETED_DEVICE_FAMILY = "1,2";
			};
			name = Release;
		};
/* End XCBuildConfiguration section */

/* Begin XCConfigurationList section */
		3166EB0428DD94BE00C07F34 /* Build configuration list for PBXProject "Counter Demo" */ = {
			isa = XCConfigurationList;
			buildConfigurations = (
				3166EB1528DD94C100C07F34 /* Debug */,
				3166EB1628DD94C100C07F34 /* Release */,
			);
			defaultConfigurationIsVisible = 0;
			defaultConfigurationName = Release;
		};
		3166EB1728DD94C100C07F34 /* Build configuration list for PBXNativeTarget "Counter Demo" */ = {
			isa = XCConfigurationList;
			buildConfigurations = (
				3166EB1828DD94C100C07F34 /* Debug */,
				3166EB1928DD94C100C07F34 /* Release */,
			);
			defaultConfigurationIsVisible = 0;
			defaultConfigurationName = Release;
		};
/* End XCConfigurationList section */
	};
	rootObject = 3166EB0128DD94BE00C07F34 /* Project object */;
}
